
Microsoft Visual Studio Solution File, Format Version 12.00
# Visual Studio 15
VisualStudioVersion = 15.0.26430.12
MinimumVisualStudioVersion = 10.0.40219.1
Project("{9A19103F-16F7-4668-BE54-9A1E7A4F7556}") = "SCPLD_Compiler", "SCPLD_Compiler\SCPLD_Compiler.csproj", "{1ED81403-EFAC-41AB-8F3B-65302ABF9A38}"
EndProject
Project("{FAE04EC0-301F-11D3-BF4B-00C04F79EFBC}") = "SCPLD_Testing", "SCPLD_Testing\SCPLD_Testing.csproj", "{633EF9FD-7AC5-4225-A2F7-3C4022A33786}"
EndProject
Project("{FAE04EC0-301F-11D3-BF4B-00C04F79EFBC}") = "Compiler.ConsoleApp", "Compiler.ConsoleApp\Compiler.ConsoleApp.csproj", "{A3A2D835-D254-4E4B-978B-A3CB8BBFC9FB}"
EndProject
Project("{FAE04EC0-301F-11D3-BF4B-00C04F79EFBC}") = "CompilerWinFormApp", "CompilerWinFormApp\CompilerWinFormApp.csproj", "{56EF2998-CFED-46AD-B084-F0F46372A694}"
EndProject
Global
	GlobalSection(SolutionConfigurationPlatforms) = preSolution
		Debug|Any CPU = Debug|Any CPU
		Release|Any CPU = Release|Any CPU
	EndGlobalSection
	GlobalSection(ProjectConfigurationPlatforms) = postSolution
		{1ED81403-EFAC-41AB-8F3B-65302ABF9A38}.Debug|Any CPU.ActiveCfg = Debug|Any CPU
		{1ED81403-EFAC-41AB-8F3B-65302ABF9A38}.Debug|Any CPU.Build.0 = Debug|Any CPU
		{1ED81403-EFAC-41AB-8F3B-65302ABF9A38}.Release|Any CPU.ActiveCfg = Release|Any CPU
		{1ED81403-EFAC-41AB-8F3B-65302ABF9A38}.Release|Any CPU.Build.0 = Release|Any CPU
		{633EF9FD-7AC5-4225-A2F7-3C4022A33786}.Debug|Any CPU.ActiveCfg = Debug|Any CPU
		{633EF9FD-7AC5-4225-A2F7-3C4022A33786}.Debug|Any CPU.Build.0 = Debug|Any CPU
		{633EF9FD-7AC5-4225-A2F7-3C4022A33786}.Release|Any CPU.ActiveCfg = Release|Any CPU
		{633EF9FD-7AC5-4225-A2F7-3C4022A33786}.Release|Any CPU.Build.0 = Release|Any CPU
		{A3A2D835-D254-4E4B-978B-A3CB8BBFC9FB}.Debug|Any CPU.ActiveCfg = Debug|Any CPU
		{A3A2D835-D254-4E4B-978B-A3CB8BBFC9FB}.Debug|Any CPU.Build.0 = Debug|Any CPU
		{A3A2D835-D254-4E4B-978B-A3CB8BBFC9FB}.Release|Any CPU.ActiveCfg = Release|Any CPU
		{A3A2D835-D254-4E4B-978B-A3CB8BBFC9FB}.Release|Any CPU.Build.0 = Release|Any CPU
		{56EF2998-CFED-46AD-B084-F0F46372A694}.Debug|Any CPU.ActiveCfg = Debug|Any CPU
		{56EF2998-CFED-46AD-B084-F0F46372A694}.Debug|Any CPU.Build.0 = Debug|Any CPU
		{56EF2998-CFED-46AD-B084-F0F46372A694}.Release|Any CPU.ActiveCfg = Release|Any CPU
		{56EF2998-CFED-46AD-B084-F0F46372A694}.Release|Any CPU.Build.0 = Release|Any CPU
	EndGlobalSection
	GlobalSection(SolutionProperties) = preSolution
		HideSolutionNode = FALSE
	EndGlobalSection
EndGlobal
